// !$*UTF8*$!
{
	archiveVersion = 1;
	classes = {
	};
	objectVersion = 55;
	objects = {

/* Begin PBXBuildFile section */
		B34C9933292A6DAA001E182D /* AppDelegate.swift in Sources */ = {isa = PBXBuildFile; fileRef = B34C9932292A6DAA001E182D /* AppDelegate.swift */; };
		B34C9935292A6DAA001E182D /* SceneDelegate.swift in Sources */ = {isa = PBXBuildFile; fileRef = B34C9934292A6DAA001E182D /* SceneDelegate.swift */; };
		B34C9937292A6DAA001E182D /* ViewController.swift in Sources */ = {isa = PBXBuildFile; fileRef = B34C9936292A6DAA001E182D /* ViewController.swift */; };
		B34C993A292A6DAA001E182D /* Main.storyboard in Resources */ = {isa = PBXBuildFile; fileRef = B34C9938292A6DAA001E182D /* Main.storyboard */; };
		B34C993C292A6DB0001E182D /* Assets.xcassets in Resources */ = {isa = PBXBuildFile; fileRef = B34C993B292A6DB0001E182D /* Assets.xcassets */; };
		B34C993F292A6DB0001E182D /* LaunchScreen.storyboard in Resources */ = {isa = PBXBuildFile; fileRef = B34C993D292A6DB0001E182D /* LaunchScreen.storyboard */; };
		B34C994A292A6DB1001E182D /* Modul_11Tests.swift in Sources */ = {isa = PBXBuildFile; fileRef = B34C9949292A6DB1001E182D /* Modul_11Tests.swift */; };
		B34C9954292A6DB1001E182D /* Modul_11UITests.swift in Sources */ = {isa = PBXBuildFile; fileRef = B34C9953292A6DB1001E182D /* Modul_11UITests.swift */; };
		B34C9956292A6DB1001E182D /* Modul_11UITestsLaunchTests.swift in Sources */ = {isa = PBXBuildFile; fileRef = B34C9955292A6DB1001E182D /* Modul_11UITestsLaunchTests.swift */; };
/* End PBXBuildFile section */

/* Begin PBXContainerItemProxy section */
		B34C9946292A6DB1001E182D /* PBXContainerItemProxy */ = {
			isa = PBXContainerItemProxy;
			containerPortal = B34C9927292A6DAA001E182D /* Project object */;
			proxyType = 1;
			remoteGlobalIDString = B34C992E292A6DAA001E182D;
			remoteInfo = Modul_11;
		};
		B34C9950292A6DB1001E182D /* PBXContainerItemProxy */ = {
			isa = PBXContainerItemProxy;
			containerPortal = B34C9927292A6DAA001E182D /* Project object */;
			proxyType = 1;
			remoteGlobalIDString = B34C992E292A6DAA001E182D;
			remoteInfo = Modul_11;
		};
/* End PBXContainerItemProxy section */

/* Begin PBXFileReference section */
		B34C992F292A6DAA001E182D /* Modul_11.app */ = {isa = PBXFileReference; explicitFileType = wrapper.application; includeInIndex = 0; path = Modul_11.app; sourceTree = BUILT_PRODUCTS_DIR; };
		B34C9932292A6DAA001E182D /* AppDelegate.swift */ = {isa = PBXFileReference; lastKnownFileType = sourcecode.swift; path = AppDelegate.swift; sourceTree = "<group>"; };
		B34C9934292A6DAA001E182D /* SceneDelegate.swift */ = {isa = PBXFileReference; lastKnownFileType = sourcecode.swift; path = SceneDelegate.swift; sourceTree = "<group>"; };
		B34C9936292A6DAA001E182D /* ViewController.swift */ = {isa = PBXFileReference; lastKnownFileType = sourcecode.swift; path = ViewController.swift; sourceTree = "<group>"; };
		B34C9939292A6DAA001E182D /* Base */ = {isa = PBXFileReference; lastKnownFileType = file.storyboard; name = Base; path = Base.lproj/Main.storyboard; sourceTree = "<group>"; };
		B34C993B292A6DB0001E182D /* Assets.xcassets */ = {isa = PBXFileReference; lastKnownFileType = folder.assetcatalog; path = Assets.xcassets; sourceTree = "<group>"; };
		B34C993E292A6DB0001E182D /* Base */ = {isa = PBXFileReference; lastKnownFileType = file.storyboard; name = Base; path = Base.lproj/LaunchScreen.storyboard; sourceTree = "<group>"; };
		B34C9940292A6DB0001E182D /* Info.plist */ = {isa = PBXFileReference; lastKnownFileType = text.plist.xml; path = Info.plist; sourceTree = "<group>"; };
		B34C9945292A6DB1001E182D /* Modul_11Tests.xctest */ = {isa = PBXFileReference; explicitFileType = wrapper.cfbundle; includeInIndex = 0; path = Modul_11Tests.xctest; sourceTree = BUILT_PRODUCTS_DIR; };
		B34C9949292A6DB1001E182D /* Modul_11Tests.swift */ = {isa = PBXFileReference; lastKnownFileType = sourcecode.swift; path = Modul_11Tests.swift; sourceTree = "<group>"; };
		B34C994F292A6DB1001E182D /* Modul_11UITests.xctest */ = {isa = PBXFileReference; explicitFileType = wrapper.cfbundle; includeInIndex = 0; path = Modul_11UITests.xctest; sourceTree = BUILT_PRODUCTS_DIR; };
		B34C9953292A6DB1001E182D /* Modul_11UITests.swift */ = {isa = PBXFileReference; lastKnownFileType = sourcecode.swift; path = Modul_11UITests.swift; sourceTree = "<group>"; };
		B34C9955292A6DB1001E182D /* Modul_11UITestsLaunchTests.swift */ = {isa = PBXFileReference; lastKnownFileType = sourcecode.swift; path = Modul_11UITestsLaunchTests.swift; sourceTree = "<group>"; };
/* End PBXFileReference section */

/* Begin PBXFrameworksBuildPhase section */
		B34C992C292A6DAA001E182D /* Frameworks */ = {
			isa = PBXFrameworksBuildPhase;
			buildActionMask = 2147483647;
			files = (
			);
			runOnlyForDeploymentPostprocessing = 0;
		};
		B34C9942292A6DB1001E182D /* Frameworks */ = {
			isa = PBXFrameworksBuildPhase;
			buildActionMask = 2147483647;
			files = (
			);
			runOnlyForDeploymentPostprocessing = 0;
		};
		B34C994C292A6DB1001E182D /* Frameworks */ = {
			isa = PBXFrameworksBuildPhase;
			buildActionMask = 2147483647;
			files = (
			);
			runOnlyForDeploymentPostprocessing = 0;
		};
/* End PBXFrameworksBuildPhase section */

/* Begin PBXGroup section */
		B34C9926292A6DAA001E182D = {
			isa = PBXGroup;
			children = (
				B34C9931292A6DAA001E182D /* Modul_11 */,
				B34C9948292A6DB1001E182D /* Modul_11Tests */,
				B34C9952292A6DB1001E182D /* Modul_11UITests */,
				B34C9930292A6DAA001E182D /* Products */,
			);
			sourceTree = "<group>";
		};
		B34C9930292A6DAA001E182D /* Products */ = {
			isa = PBXGroup;
			children = (
				B34C992F292A6DAA001E182D /* Modul_11.app */,
				B34C9945292A6DB1001E182D /* Modul_11Tests.xctest */,
				B34C994F292A6DB1001E182D /* Modul_11UITests.xctest */,
			);
			name = Products;
			sourceTree = "<group>";
		};
		B34C9931292A6DAA001E182D /* Modul_11 */ = {
			isa = PBXGroup;
			children = (
				B34C9932292A6DAA001E182D /* AppDelegate.swift */,
				B34C9934292A6DAA001E182D /* SceneDelegate.swift */,
				B34C9936292A6DAA001E182D /* ViewController.swift */,
				B34C9938292A6DAA001E182D /* Main.storyboard */,
				B34C993B292A6DB0001E182D /* Assets.xcassets */,
				B34C993D292A6DB0001E182D /* LaunchScreen.storyboard */,
				B34C9940292A6DB0001E182D /* Info.plist */,
			);
			path = Modul_11;
			sourceTree = "<group>";
		};
		B34C9948292A6DB1001E182D /* Modul_11Tests */ = {
			isa = PBXGroup;
			children = (
				B34C9949292A6DB1001E182D /* Modul_11Tests.swift */,
			);
			path = Modul_11Tests;
			sourceTree = "<group>";
		};
		B34C9952292A6DB1001E182D /* Modul_11UITests */ = {
			isa = PBXGroup;
			children = (
				B34C9953292A6DB1001E182D /* Modul_11UITests.swift */,
				B34C9955292A6DB1001E182D /* Modul_11UITestsLaunchTests.swift */,
			);
			path = Modul_11UITests;
			sourceTree = "<group>";
		};
/* End PBXGroup section */

/* Begin PBXNativeTarget section */
		B34C992E292A6DAA001E182D /* Modul_11 */ = {
			isa = PBXNativeTarget;
			buildConfigurationList = B34C9959292A6DB1001E182D /* Build configuration list for PBXNativeTarget "Modul_11" */;
			buildPhases = (
				B34C992B292A6DAA001E182D /* Sources */,
				B34C992C292A6DAA001E182D /* Frameworks */,
				B34C992D292A6DAA001E182D /* Resources */,
			);
			buildRules = (
			);
			dependencies = (
			);
			name = Modul_11;
			productName = Modul_11;
			productReference = B34C992F292A6DAA001E182D /* Modul_11.app */;
			productType = "com.apple.product-type.application";
		};
		B34C9944292A6DB1001E182D /* Modul_11Tests */ = {
			isa = PBXNativeTarget;
			buildConfigurationList = B34C995C292A6DB1001E182D /* Build configuration list for PBXNativeTarget "Modul_11Tests" */;
			buildPhases = (
				B34C9941292A6DB1001E182D /* Sources */,
				B34C9942292A6DB1001E182D /* Frameworks */,
				B34C9943292A6DB1001E182D /* Resources */,
			);
			buildRules = (
			);
			dependencies = (
				B34C9947292A6DB1001E182D /* PBXTargetDependency */,
			);
			name = Modul_11Tests;
			productName = Modul_11Tests;
			productReference = B34C9945292A6DB1001E182D /* Modul_11Tests.xctest */;
			productType = "com.apple.product-type.bundle.unit-test";
		};
		B34C994E292A6DB1001E182D /* Modul_11UITests */ = {
			isa = PBXNativeTarget;
			buildConfigurationList = B34C995F292A6DB1001E182D /* Build configuration list for PBXNativeTarget "Modul_11UITests" */;
			buildPhases = (
				B34C994B292A6DB1001E182D /* Sources */,
				B34C994C292A6DB1001E182D /* Frameworks */,
				B34C994D292A6DB1001E182D /* Resources */,
			);
			buildRules = (
			);
			dependencies = (
				B34C9951292A6DB1001E182D /* PBXTargetDependency */,
			);
			name = Modul_11UITests;
			productName = Modul_11UITests;
			productReference = B34C994F292A6DB1001E182D /* Modul_11UITests.xctest */;
			productType = "com.apple.product-type.bundle.ui-testing";
		};
/* End PBXNativeTarget section */

/* Begin PBXProject section */
		B34C9927292A6DAA001E182D /* Project object */ = {
			isa = PBXProject;
			attributes = {
				BuildIndependentTargetsInParallel = 1;
				LastSwiftUpdateCheck = 1340;
				LastUpgradeCheck = 1340;
				TargetAttributes = {
					B34C992E292A6DAA001E182D = {
						CreatedOnToolsVersion = 13.4.1;
					};
					B34C9944292A6DB1001E182D = {
						CreatedOnToolsVersion = 13.4.1;
						TestTargetID = B34C992E292A6DAA001E182D;
					};
					B34C994E292A6DB1001E182D = {
						CreatedOnToolsVersion = 13.4.1;
						TestTargetID = B34C992E292A6DAA001E182D;
					};
				};
			};
			buildConfigurationList = B34C992A292A6DAA001E182D /* Build configuration list for PBXProject "Modul_11" */;
			compatibilityVersion = "Xcode 13.0";
			developmentRegion = en;
			hasScannedForEncodings = 0;
			knownRegions = (
				en,
				Base,
			);
			mainGroup = B34C9926292A6DAA001E182D;
			productRefGroup = B34C9930292A6DAA001E182D /* Products */;
			projectDirPath = "";
			projectRoot = "";
			targets = (
				B34C992E292A6DAA001E182D /* Modul_11 */,
				B34C9944292A6DB1001E182D /* Modul_11Tests */,
				B34C994E292A6DB1001E182D /* Modul_11UITests */,
			);
		};
/* End PBXProject section */

/* Begin PBXResourcesBuildPhase section */
		B34C992D292A6DAA001E182D /* Resources */ = {
			isa = PBXResourcesBuildPhase;
			buildActionMask = 2147483647;
			files = (
				B34C993F292A6DB0001E182D /* LaunchScreen.storyboard in Resources */,
				B34C993C292A6DB0001E182D /* Assets.xcassets in Resources */,
				B34C993A292A6DAA001E182D /* Main.storyboard in Resources */,
			);
			runOnlyForDeploymentPostprocessing = 0;
		};
		B34C9943292A6DB1001E182D /* Resources */ = {
			isa = PBXResourcesBuildPhase;
			buildActionMask = 2147483647;
			files = (
			);
			runOnlyForDeploymentPostprocessing = 0;
		};
		B34C994D292A6DB1001E182D /* Resources */ = {
			isa = PBXResourcesBuildPhase;
			buildActionMask = 2147483647;
			files = (
			);
			runOnlyForDeploymentPostprocessing = 0;
		};
/* End PBXResourcesBuildPhase section */

/* Begin PBXSourcesBuildPhase section */
		B34C992B292A6DAA001E182D /* Sources */ = {
			isa = PBXSourcesBuildPhase;
			buildActionMask = 2147483647;
			files = (
				B34C9937292A6DAA001E182D /* ViewController.swift in Sources */,
				B34C9933292A6DAA001E182D /* AppDelegate.swift in Sources */,
				B34C9935292A6DAA001E182D /* SceneDelegate.swift in Sources */,
			);
			runOnlyForDeploymentPostprocessing = 0;
		};
		B34C9941292A6DB1001E182D /* Sources */ = {
			isa = PBXSourcesBuildPhase;
			buildActionMask = 2147483647;
			files = (
				B34C994A292A6DB1001E182D /* Modul_11Tests.swift in Sources */,
			);
			runOnlyForDeploymentPostprocessing = 0;
		};
		B34C994B292A6DB1001E182D /* Sources */ = {
			isa = PBXSourcesBuildPhase;
			buildActionMask = 2147483647;
			files = (
				B34C9956292A6DB1001E182D /* Modul_11UITestsLaunchTests.swift in Sources */,
				B34C9954292A6DB1001E182D /* Modul_11UITests.swift in Sources */,
			);
			runOnlyForDeploymentPostprocessing = 0;
		};
/* End PBXSourcesBuildPhase section */

/* Begin PBXTargetDependency section */
		B34C9947292A6DB1001E182D /* PBXTargetDependency */ = {
			isa = PBXTargetDependency;
			target = B34C992E292A6DAA001E182D /* Modul_11 */;
			targetProxy = B34C9946292A6DB1001E182D /* PBXContainerItemProxy */;
		};
		B34C9951292A6DB1001E182D /* PBXTargetDependency */ = {
			isa = PBXTargetDependency;
			target = B34C992E292A6DAA001E182D /* Modul_11 */;
			targetProxy = B34C9950292A6DB1001E182D /* PBXContainerItemProxy */;
		};
/* End PBXTargetDependency section */

/* Begin PBXVariantGroup section */
		B34C9938292A6DAA001E182D /* Main.storyboard */ = {
			isa = PBXVariantGroup;
			children = (
				B34C9939292A6DAA001E182D /* Base */,
			);
			name = Main.storyboard;
			sourceTree = "<group>";
		};
		B34C993D292A6DB0001E182D /* LaunchScreen.storyboard */ = {
			isa = PBXVariantGroup;
			children = (
				B34C993E292A6DB0001E182D /* Base */,
			);
			name = LaunchScreen.storyboard;
			sourceTree = "<group>";
		};
/* End PBXVariantGroup section */

/* Begin XCBuildConfiguration section */
		B34C9957292A6DB1001E182D /* Debug */ = {
			isa = XCBuildConfiguration;
			buildSettings = {
				ALWAYS_SEARCH_USER_PATHS = NO;
				CLANG_ANALYZER_NONNULL = YES;
				CLANG_ANALYZER_NUMBER_OBJECT_CONVERSION = YES_AGGRESSIVE;
				CLANG_CXX_LANGUAGE_STANDARD = "gnu++17";
				CLANG_ENABLE_MODULES = YES;
				CLANG_ENABLE_OBJC_ARC = YES;
				CLANG_ENABLE_OBJC_WEAK = YES;
				CLANG_WARN_BLOCK_CAPTURE_AUTORELEASING = YES;
				CLANG_WARN_BOOL_CONVERSION = YES;
				CLANG_WARN_COMMA = YES;
				CLANG_WARN_CONSTANT_CONVERSION = YES;
				CLANG_WARN_DEPRECATED_OBJC_IMPLEMENTATIONS = YES;
				CLANG_WARN_DIRECT_OBJC_ISA_USAGE = YES_ERROR;
				CLANG_WARN_DOCUMENTATION_COMMENTS = YES;
				CLANG_WARN_EMPTY_BODY = YES;
				CLANG_WARN_ENUM_CONVERSION = YES;
				CLANG_WARN_INFINITE_RECURSION = YES;
				CLANG_WARN_INT_CONVERSION = YES;
				CLANG_WARN_NON_LITERAL_NULL_CONVERSION = YES;
				CLANG_WARN_OBJC_IMPLICIT_RETAIN_SELF = YES;
				CLANG_WARN_OBJC_LITERAL_CONVERSION = YES;
				CLANG_WARN_OBJC_ROOT_CLASS = YES_ERROR;
				CLANG_WARN_QUOTED_INCLUDE_IN_FRAMEWORK_HEADER = YES;
				CLANG_WARN_RANGE_LOOP_ANALYSIS = YES;
				CLANG_WARN_STRICT_PROTOTYPES = YES;
				CLANG_WARN_SUSPICIOUS_MOVE = YES;
				CLANG_WARN_UNGUARDED_AVAILABILITY = YES_AGGRESSIVE;
				CLANG_WARN_UNREACHABLE_CODE = YES;
				CLANG_WARN__DUPLICATE_METHOD_MATCH = YES;
				COPY_PHASE_STRIP = NO;
				DEBUG_INFORMATION_FORMAT = dwarf;
				ENABLE_STRICT_OBJC_MSGSEND = YES;
				ENABLE_TESTABILITY = YES;
				GCC_C_LANGUAGE_STANDARD = gnu11;
				GCC_DYNAMIC_NO_PIC = NO;
				GCC_NO_COMMON_BLOCKS = YES;
				GCC_OPTIMIZATION_LEVEL = 0;
				GCC_PREPROCESSOR_DEFINITIONS = (
					"DEBUG=1",
					"$(inherited)",
				);
				GCC_WARN_64_TO_32_BIT_CONVERSION = YES;
				GCC_WARN_ABOUT_RETURN_TYPE = YES_ERROR;
				GCC_WARN_UNDECLARED_SELECTOR = YES;
				GCC_WARN_UNINITIALIZED_AUTOS = YES_AGGRESSIVE;
				GCC_WARN_UNUSED_FUNCTION = YES;
				GCC_WARN_UNUSED_VARIABLE = YES;
				IPHONEOS_DEPLOYMENT_TARGET = 15.5;
				MTL_ENABLE_DEBUG_INFO = INCLUDE_SOURCE;
				MTL_FAST_MATH = YES;
				ONLY_ACTIVE_ARCH = YES;
				SDKROOT = iphoneos;
				SWIFT_ACTIVE_COMPILATION_CONDITIONS = DEBUG;
				SWIFT_OPTIMIZATION_LEVEL = "-Onone";
			};
			name = Debug;
		};
		B34C9958292A6DB1001E182D /* Release */ = {
			isa = XCBuildConfiguration;
			buildSettings = {
				ALWAYS_SEARCH_USER_PATHS = NO;
				CLANG_ANALYZER_NONNULL = YES;
				CLANG_ANALYZER_NUMBER_OBJECT_CONVERSION = YES_AGGRESSIVE;
				CLANG_CXX_LANGUAGE_STANDARD = "gnu++17";
				CLANG_ENABLE_MODULES = YES;
				CLANG_ENABLE_OBJC_ARC = YES;
				CLANG_ENABLE_OBJC_WEAK = YES;
				CLANG_WARN_BLOCK_CAPTURE_AUTORELEASING = YES;
				CLANG_WARN_BOOL_CONVERSION = YES;
				CLANG_WARN_COMMA = YES;
				CLANG_WARN_CONSTANT_CONVERSION = YES;
				CLANG_WARN_DEPRECATED_OBJC_IMPLEMENTATIONS = YES;
				CLANG_WARN_DIRECT_OBJC_ISA_USAGE = YES_ERROR;
				CLANG_WARN_DOCUMENTATION_COMMENTS = YES;
				CLANG_WARN_EMPTY_BODY = YES;
				CLANG_WARN_ENUM_CONVERSION = YES;
				CLANG_WARN_INFINITE_RECURSION = YES;
				CLANG_WARN_INT_CONVERSION = YES;
				CLANG_WARN_NON_LITERAL_NULL_CONVERSION = YES;
				CLANG_WARN_OBJC_IMPLICIT_RETAIN_SELF = YES;
				CLANG_WARN_OBJC_LITERAL_CONVERSION = YES;
				CLANG_WARN_OBJC_ROOT_CLASS = YES_ERROR;
				CLANG_WARN_QUOTED_INCLUDE_IN_FRAMEWORK_HEADER = YES;
				CLANG_WARN_RANGE_LOOP_ANALYSIS = YES;
				CLANG_WARN_STRICT_PROTOTYPES = YES;
				CLANG_WARN_SUSPICIOUS_MOVE = YES;
				CLANG_WARN_UNGUARDED_AVAILABILITY = YES_AGGRESSIVE;
				CLANG_WARN_UNREACHABLE_CODE = YES;
				CLANG_WARN__DUPLICATE_METHOD_MATCH = YES;
				COPY_PHASE_STRIP = NO;
				DEBUG_INFORMATION_FORMAT = "dwarf-with-dsym";
				ENABLE_NS_ASSERTIONS = NO;
				ENABLE_STRICT_OBJC_MSGSEND = YES;
				GCC_C_LANGUAGE_STANDARD = gnu11;
				GCC_NO_COMMON_BLOCKS = YES;
				GCC_WARN_64_TO_32_BIT_CONVERSION = YES;
				GCC_WARN_ABOUT_RETURN_TYPE = YES_ERROR;
				GCC_WARN_UNDECLARED_SELECTOR = YES;
				GCC_WARN_UNINITIALIZED_AUTOS = YES_AGGRESSIVE;
				GCC_WARN_UNUSED_FUNCTION = YES;
				GCC_WARN_UNUSED_VARIABLE = YES;
				IPHONEOS_DEPLOYMENT_TARGET = 15.5;
				MTL_ENABLE_DEBUG_INFO = NO;
				MTL_FAST_MATH = YES;
				SDKROOT = iphoneos;
				SWIFT_COMPILATION_MODE = wholemodule;
				SWIFT_OPTIMIZATION_LEVEL = "-O";
				VALIDATE_PRODUCT = YES;
			};
			name = Release;
		};
		B34C995A292A6DB1001E182D /* Debug */ = {
			isa = XCBuildConfiguration;
			buildSettings = {
				ASSETCATALOG_COMPILER_APPICON_NAME = AppIcon;
				ASSETCATALOG_COMPILER_GLOBAL_ACCENT_COLOR_NAME = AccentColor;
				CODE_SIGN_STYLE = Automatic;
				CURRENT_PROJECT_VERSION = 1;
				GENERATE_INFOPLIST_FILE = YES;
				INFOPLIST_FILE = Modul_11/Info.plist;
				INFOPLIST_KEY_UIApplicationSupportsIndirectInputEvents = YES;
				INFOPLIST_KEY_UILaunchStoryboardName = LaunchScreen;
				INFOPLIST_KEY_UIMainStoryboardFile = Main;
				INFOPLIST_KEY_UISupportedInterfaceOrientations_iPad = "UIInterfaceOrientationPortrait UIInterfaceOrientationPortraitUpsideDown UIInterfaceOrientationLandscapeLeft UIInterfaceOrientationLandscapeRight";
				INFOPLIST_KEY_UISupportedInterfaceOrientations_iPhone = "UIInterfaceOrientationPortrait UIInterfaceOrientationLandscapeLeft UIInterfaceOrientationLandscapeRight";
				LD_RUNPATH_SEARCH_PATHS = (
					"$(inherited)",
					"@executable_path/Frameworks",
				);
				MARKETING_VERSION = 1.0;
				PRODUCT_BUNDLE_IDENTIFIER = "skillbox.Modul-11";
				PRODUCT_NAME = "$(TARGET_NAME)";
				SWIFT_EMIT_LOC_STRINGS = YES;
				SWIFT_VERSION = 5.0;
				TARGETED_DEVICE_FAMILY = "1,2";
			};
			name = Debug;
		};
		B34C995B292A6DB1001E182D /* Release */ = {
			isa = XCBuildConfiguration;
			buildSettings = {
				ASSETCATALOG_COMPILER_APPICON_NAME = AppIcon;
				ASSETCATALOG_COMPILER_GLOBAL_ACCENT_COLOR_NAME = AccentColor;
				CODE_SIGN_STYLE = Automatic;
				CURRENT_PROJECT_VERSION = 1;
				GENERATE_INFOPLIST_FILE = YES;
				INFOPLIST_FILE = Modul_11/Info.plist;
				INFOPLIST_KEY_UIApplicationSupportsIndirectInputEvents = YES;
				INFOPLIST_KEY_UILaunchStoryboardName = LaunchScreen;
				INFOPLIST_KEY_UIMainStoryboardFile = Main;
				INFOPLIST_KEY_UISupportedInterfaceOrientations_iPad = "UIInterfaceOrientationPortrait UIInterfaceOrientationPortraitUpsideDown UIInterfaceOrientationLandscapeLeft UIInterfaceOrientationLandscapeRight";
				INFOPLIST_KEY_UISupportedInterfaceOrientations_iPhone = "UIInterfaceOrientationPortrait UIInterfaceOrientationLandscapeLeft UIInterfaceOrientationLandscapeRight";
				LD_RUNPATH_SEARCH_PATHS = (
					"$(inherited)",
					"@executable_path/Frameworks",
				);
				MARKETING_VERSION = 1.0;
				PRODUCT_BUNDLE_IDENTIFIER = "skillbox.Modul-11";
				PRODUCT_NAME = "$(TARGET_NAME)";
				SWIFT_EMIT_LOC_STRINGS = YES;
				SWIFT_VERSION = 5.0;
				TARGETED_DEVICE_FAMILY = "1,2";
			};
			name = Release;
		};
		B34C995D292A6DB1001E182D /* Debug */ = {
			isa = XCBuildConfiguration;
			buildSettings = {
				ALWAYS_EMBED_SWIFT_STANDARD_LIBRARIES = YES;
				BUNDLE_LOADER = "$(TEST_HOST)";
				CODE_SIGN_STYLE = Automatic;
				CURRENT_PROJECT_VERSION = 1;
				GENERATE_INFOPLIST_FILE = YES;
				IPHONEOS_DEPLOYMENT_TARGET = 15.5;
				MARKETING_VERSION = 1.0;
				PRODUCT_BUNDLE_IDENTIFIER = "skillbox.Modul-11Tests";
				PRODUCT_NAME = "$(TARGET_NAME)";
				SWIFT_EMIT_LOC_STRINGS = NO;
				SWIFT_VERSION = 5.0;
				TARGETED_DEVICE_FAMILY = "1,2";
				TEST_HOST = "$(BUILT_PRODUCTS_DIR)/Modul_11.app/Modul_11";
			};
			name = Debug;
		};
		B34C995E292A6DB1001E182D /* Release */ = {
			isa = XCBuildConfiguration;
			buildSettings = {
				ALWAYS_EMBED_SWIFT_STANDARD_LIBRARIES = YES;
				BUNDLE_LOADER = "$(TEST_HOST)";
				CODE_SIGN_STYLE = Automatic;
				CURRENT_PROJECT_VERSION = 1;
				GENERATE_INFOPLIST_FILE = YES;
				IPHONEOS_DEPLOYMENT_TARGET = 15.5;
				MARKETING_VERSION = 1.0;
				PRODUCT_BUNDLE_IDENTIFIER = "skillbox.Modul-11Tests";
				PRODUCT_NAME = "$(TARGET_NAME)";
				SWIFT_EMIT_LOC_STRINGS = NO;
				SWIFT_VERSION = 5.0;
				TARGETED_DEVICE_FAMILY = "1,2";
				TEST_HOST = "$(BUILT_PRODUCTS_DIR)/Modul_11.app/Modul_11";
			};
			name = Release;
		};
		B34C9960292A6DB1001E182D /* Debug */ = {
			isa = XCBuildConfiguration;
			buildSettings = {
				ALWAYS_EMBED_SWIFT_STANDARD_LIBRARIES = YES;
				CODE_SIGN_STYLE = Automatic;
				CURRENT_PROJECT_VERSION = 1;
				GENERATE_INFOPLIST_FILE = YES;
				MARKETING_VERSION = 1.0;
				PRODUCT_BUNDLE_IDENTIFIER = "skillbox.Modul-11UITests";
				PRODUCT_NAME = "$(TARGET_NAME)";
				SWIFT_EMIT_LOC_STRINGS = NO;
				SWIFT_VERSION = 5.0;
				TARGETED_DEVICE_FAMILY = "1,2";
				TEST_TARGET_NAME = Modul_11;
			};
			name = Debug;
		};
		B34C9961292A6DB1001E182D /* Release */ = {
			isa = XCBuildConfiguration;
			buildSettings = {
				ALWAYS_EMBED_SWIFT_STANDARD_LIBRARIES = YES;
				CODE_SIGN_STYLE = Automatic;
				CURRENT_PROJECT_VERSION = 1;
				GENERATE_INFOPLIST_FILE = YES;
				MARKETING_VERSION = 1.0;
				PRODUCT_BUNDLE_IDENTIFIER = "skillbox.Modul-11UITests";
				PRODUCT_NAME = "$(TARGET_NAME)";
				SWIFT_EMIT_LOC_STRINGS = NO;
				SWIFT_VERSION = 5.0;
				TARGETED_DEVICE_FAMILY = "1,2";
				TEST_TARGET_NAME = Modul_11;
			};
			name = Release;
		};
/* End XCBuildConfiguration section */

/* Begin XCConfigurationList section */
		B34C992A292A6DAA001E182D /* Build configuration list for PBXProject "Modul_11" */ = {
			isa = XCConfigurationList;
			buildConfigurations = (
				B34C9957292A6DB1001E182D /* Debug */,
				B34C9958292A6DB1001E182D /* Release */,
			);
			defaultConfigurationIsVisible = 0;
			defaultConfigurationName = Release;
		};
		B34C9959292A6DB1001E182D /* Build configuration list for PBXNativeTarget "Modul_11" */ = {
			isa = XCConfigurationList;
			buildConfigurations = (
				B34C995A292A6DB1001E182D /* Debug */,
				B34C995B292A6DB1001E182D /* Release */,
			);
			defaultConfigurationIsVisible = 0;
			defaultConfigurationName = Release;
		};
		B34C995C292A6DB1001E182D /* Build configuration list for PBXNativeTarget "Modul_11Tests" */ = {
			isa = XCConfigurationList;
			buildConfigurations = (
				B34C995D292A6DB1001E182D /* Debug */,
				B34C995E292A6DB1001E182D /* Release */,
			);
			defaultConfigurationIsVisible = 0;
			defaultConfigurationName = Release;
		};
		B34C995F292A6DB1001E182D /* Build configuration list for PBXNativeTarget "Modul_11UITests" */ = {
			isa = XCConfigurationList;
			buildConfigurations = (
				B34C9960292A6DB1001E182D /* Debug */,
				B34C9961292A6DB1001E182D /* Release */,
			);
			defaultConfigurationIsVisible = 0;
			defaultConfigurationName = Release;
		};
/* End XCConfigurationList section */
	};
	rootObject = B34C9927292A6DAA001E182D /* Project object */;
}
